// !$*UTF8*$!
{
	archiveVersion = 1;
	classes = {
	};
	objectVersion = 50;
	objects = {

/* Begin PBXBuildFile section */
		3BC38EF423CCD6FB00595981 /* AppDelegate.swift in Sources */ = {isa = PBXBuildFile; fileRef = 3BC38EF323CCD6FB00595981 /* AppDelegate.swift */; };
		3BC38EF623CCD6FB00595981 /* SceneDelegate.swift in Sources */ = {isa = PBXBuildFile; fileRef = 3BC38EF523CCD6FB00595981 /* SceneDelegate.swift */; };
		3BC38EF823CCD6FB00595981 /* ContentView.swift in Sources */ = {isa = PBXBuildFile; fileRef = 3BC38EF723CCD6FB00595981 /* ContentView.swift */; };
		3BC38EFA23CCD6FD00595981 /* Assets.xcassets in Resources */ = {isa = PBXBuildFile; fileRef = 3BC38EF923CCD6FD00595981 /* Assets.xcassets */; };
		3BC38EFD23CCD6FD00595981 /* Preview Assets.xcassets in Resources */ = {isa = PBXBuildFile; fileRef = 3BC38EFC23CCD6FD00595981 /* Preview Assets.xcassets */; };
		3BC38F0023CCD6FD00595981 /* LaunchScreen.storyboard in Resources */ = {isa = PBXBuildFile; fileRef = 3BC38EFE23CCD6FD00595981 /* LaunchScreen.storyboard */; };
/* End PBXBuildFile section */

/* Begin PBXFileReference section */
		3BC38EF023CCD6FB00595981 /* Final_GoogleProject.app */ = {isa = PBXFileReference; explicitFileType = wrapper.application; includeInIndex = 0; path = Final_GoogleProject.app; sourceTree = BUILT_PRODUCTS_DIR; };
		3BC38EF323CCD6FB00595981 /* AppDelegate.swift */ = {isa = PBXFileReference; lastKnownFileType = sourcecode.swift; path = AppDelegate.swift; sourceTree = "<group>"; };
		3BC38EF523CCD6FB00595981 /* SceneDelegate.swift */ = {isa = PBXFileReference; lastKnownFileType = sourcecode.swift; path = SceneDelegate.swift; sourceTree = "<group>"; };
		3BC38EF723CCD6FB00595981 /* ContentView.swift */ = {isa = PBXFileReference; lastKnownFileType = sourcecode.swift; path = ContentView.swift; sourceTree = "<group>"; };
		3BC38EF923CCD6FD00595981 /* Assets.xcassets */ = {isa = PBXFileReference; lastKnownFileType = folder.assetcatalog; path = Assets.xcassets; sourceTree = "<group>"; };
		3BC38EFC23CCD6FD00595981 /* Preview Assets.xcassets */ = {isa = PBXFileReference; lastKnownFileType = folder.assetcatalog; path = "Preview Assets.xcassets"; sourceTree = "<group>"; };
		3BC38EFF23CCD6FD00595981 /* Base */ = {isa = PBXFileReference; lastKnownFileType = file.storyboard; name = Base; path = Base.lproj/LaunchScreen.storyboard; sourceTree = "<group>"; };
		3BC38F0123CCD6FD00595981 /* Info.plist */ = {isa = PBXFileReference; lastKnownFileType = text.plist.xml; path = Info.plist; sourceTree = "<group>"; };
/* End PBXFileReference section */

/* Begin PBXFrameworksBuildPhase section */
		3BC38EED23CCD6FB00595981 /* Frameworks */ = {
			isa = PBXFrameworksBuildPhase;
			buildActionMask = 2147483647;
			files = (
			);
			runOnlyForDeploymentPostprocessing = 0;
		};
/* End PBXFrameworksBuildPhase section */

/* Begin PBXGroup section */
		3BC38EE723CCD6FB00595981 = {
			isa = PBXGroup;
			children = (
				3BC38EF223CCD6FB00595981 /* Final_GoogleProject */,
				3BC38EF123CCD6FB00595981 /* Products */,
			);
			sourceTree = "<group>";
		};
		3BC38EF123CCD6FB00595981 /* Products */ = {
			isa = PBXGroup;
			children = (
				3BC38EF023CCD6FB00595981 /* Final_GoogleProject.app */,
			);
			name = Products;
			sourceTree = "<group>";
		};
		3BC38EF223CCD6FB00595981 /* Final_GoogleProject */ = {
			isa = PBXGroup;
			children = (
				3BC38EF323CCD6FB00595981 /* AppDelegate.swift */,
				3BC38EF523CCD6FB00595981 /* SceneDelegate.swift */,
				3BC38EF723CCD6FB00595981 /* ContentView.swift */,
				3BC38EF923CCD6FD00595981 /* Assets.xcassets */,
				3BC38EFE23CCD6FD00595981 /* LaunchScreen.storyboard */,
				3BC38F0123CCD6FD00595981 /* Info.plist */,
				3BC38EFB23CCD6FD00595981 /* Preview Content */,
			);
			path = Final_GoogleProject;
			sourceTree = "<group>";
		};
		3BC38EFB23CCD6FD00595981 /* Preview Content */ = {
			isa = PBXGroup;
			children = (
				3BC38EFC23CCD6FD00595981 /* Preview Assets.xcassets */,
			);
			path = "Preview Content";
			sourceTree = "<group>";
		};
/* End PBXGroup section */

/* Begin PBXNativeTarget section */
		3BC38EEF23CCD6FB00595981 /* Final_GoogleProject */ = {
			isa = PBXNativeTarget;
			buildConfigurationList = 3BC38F0423CCD6FD00595981 /* Build configuration list for PBXNativeTarget "Final_GoogleProject" */;
			buildPhases = (
				3BC38EEC23CCD6FB00595981 /* Sources */,
				3BC38EED23CCD6FB00595981 /* Frameworks */,
				3BC38EEE23CCD6FB00595981 /* Resources */,
			);
			buildRules = (
			);
			dependencies = (
			);
			name = Final_GoogleProject;
			productName = Final_GoogleProject;
			productReference = 3BC38EF023CCD6FB00595981 /* Final_GoogleProject.app */;
			productType = "com.apple.product-type.application";
		};
/* End PBXNativeTarget section */

/* Begin PBXProject section */
		3BC38EE823CCD6FB00595981 /* Project object */ = {
			isa = PBXProject;
			attributes = {
				LastSwiftUpdateCheck = 1110;
				LastUpgradeCheck = 1110;
				ORGANIZATIONNAME = polon;
				TargetAttributes = {
					3BC38EEF23CCD6FB00595981 = {
						CreatedOnToolsVersion = 11.1;
					};
				};
			};
			buildConfigurationList = 3BC38EEB23CCD6FB00595981 /* Build configuration list for PBXProject "Final_GoogleProject" */;
			compatibilityVersion = "Xcode 9.3";
			developmentRegion = en;
			hasScannedForEncodings = 0;
			knownRegions = (
				en,
				Base,
			);
			mainGroup = 3BC38EE723CCD6FB00595981;
			productRefGroup = 3BC38EF123CCD6FB00595981 /* Products */;
			projectDirPath = "";
			projectRoot = "";
			targets = (
				3BC38EEF23CCD6FB00595981 /* Final_GoogleProject */,
			);
		};
/* End PBXProject section */

/* Begin PBXResourcesBuildPhase section */
		3BC38EEE23CCD6FB00595981 /* Resources */ = {
			isa = PBXResourcesBuildPhase;
			buildActionMask = 2147483647;
			files = (
				3BC38F0023CCD6FD00595981 /* LaunchScreen.storyboard in Resources */,
				3BC38EFD23CCD6FD00595981 /* Preview Assets.xcassets in Resources */,
				3BC38EFA23CCD6FD00595981 /* Assets.xcassets in Resources */,
			);
			runOnlyForDeploymentPostprocessing = 0;
		};
/* End PBXResourcesBuildPhase section */

/* Begin PBXSourcesBuildPhase section */
		3BC38EEC23CCD6FB00595981 /* Sources */ = {
			isa = PBXSourcesBuildPhase;
			buildActionMask = 2147483647;
			files = (
				3BC38EF423CCD6FB00595981 /* AppDelegate.swift in Sources */,
				3BC38EF623CCD6FB00595981 /* SceneDelegate.swift in Sources */,
				3BC38EF823CCD6FB00595981 /* ContentView.swift in Sources */,
			);
			runOnlyForDeploymentPostprocessing = 0;
		};
/* End PBXSourcesBuildPhase section */

/* Begin PBXVariantGroup section */
		3BC38EFE23CCD6FD00595981 /* LaunchScreen.storyboard */ = {
			isa = PBXVariantGroup;
			children = (
				3BC38EFF23CCD6FD00595981 /* Base */,
			);
			name = LaunchScreen.storyboard;
			sourceTree = "<group>";
		};
/* End PBXVariantGroup section */

/* Begin XCBuildConfiguration section */
		3BC38F0223CCD6FD00595981 /* Debug */ = {
			isa = XCBuildConfiguration;
			buildSettings = {
				ALWAYS_SEARCH_USER_PATHS = NO;
				CLANG_ANALYZER_NONNULL = YES;
				CLANG_ANALYZER_NUMBER_OBJECT_CONVERSION = YES_AGGRESSIVE;
				CLANG_CXX_LANGUAGE_STANDARD = "gnu++14";
				CLANG_CXX_LIBRARY = "libc++";
				CLANG_ENABLE_MODULES = YES;
				CLANG_ENABLE_OBJC_ARC = YES;
				CLANG_ENABLE_OBJC_WEAK = YES;
				CLANG_WARN_BLOCK_CAPTURE_AUTORELEASING = YES;
				CLANG_WARN_BOOL_CONVERSION = YES;
				CLANG_WARN_COMMA = YES;
				CLANG_WARN_CONSTANT_CONVERSION = YES;
				CLANG_WARN_DEPRECATED_OBJC_IMPLEMENTATIONS = YES;
				CLANG_WARN_DIRECT_OBJC_ISA_USAGE = YES_ERROR;
				CLANG_WARN_DOCUMENTATION_COMMENTS = YES;
				CLANG_WARN_EMPTY_BODY = YES;
				CLANG_WARN_ENUM_CONVERSION = YES;
				CLANG_WARN_INFINITE_RECURSION = YES;
				CLANG_WARN_INT_CONVERSION = YES;
				CLANG_WARN_NON_LITERAL_NULL_CONVERSION = YES;
				CLANG_WARN_OBJC_IMPLICIT_RETAIN_SELF = YES;
				CLANG_WARN_OBJC_LITERAL_CONVERSION = YES;
				CLANG_WARN_OBJC_ROOT_CLASS = YES_ERROR;
				CLANG_WARN_RANGE_LOOP_ANALYSIS = YES;
				CLANG_WARN_STRICT_PROTOTYPES = YES;
				CLANG_WARN_SUSPICIOUS_MOVE = YES;
				CLANG_WARN_UNGUARDED_AVAILABILITY = YES_AGGRESSIVE;
				CLANG_WARN_UNREACHABLE_CODE = YES;
				CLANG_WARN__DUPLICATE_METHOD_MATCH = YES;
				COPY_PHASE_STRIP = NO;
				DEBUG_INFORMATION_FORMAT = dwarf;
				ENABLE_STRICT_OBJC_MSGSEND = YES;
				ENABLE_TESTABILITY = YES;
				GCC_C_LANGUAGE_STANDARD = gnu11;
				GCC_DYNAMIC_NO_PIC = NO;
				GCC_NO_COMMON_BLOCKS = YES;
				GCC_OPTIMIZATION_LEVEL = 0;
				GCC_PREPROCESSOR_DEFINITIONS = (
					"DEBUG=1",
					"$(inherited)",
				);
				GCC_WARN_64_TO_32_BIT_CONVERSION = YES;
				GCC_WARN_ABOUT_RETURN_TYPE = YES_ERROR;
				GCC_WARN_UNDECLARED_SELECTOR = YES;
				GCC_WARN_UNINITIALIZED_AUTOS = YES_AGGRESSIVE;
				GCC_WARN_UNUSED_FUNCTION = YES;
				GCC_WARN_UNUSED_VARIABLE = YES;
				IPHONEOS_DEPLOYMENT_TARGET = 13.1;
				MTL_ENABLE_DEBUG_INFO = INCLUDE_SOURCE;
				MTL_FAST_MATH = YES;
				ONLY_ACTIVE_ARCH = YES;
				SDKROOT = iphoneos;
				SWIFT_ACTIVE_COMPILATION_CONDITIONS = DEBUG;
				SWIFT_OPTIMIZATION_LEVEL = "-Onone";
			};
			name = Debug;
		};
		3BC38F0323CCD6FD00595981 /* Release */ = {
			isa = XCBuildConfiguration;
			buildSettings = {
				ALWAYS_SEARCH_USER_PATHS = NO;
				CLANG_ANALYZER_NONNULL = YES;
				CLANG_ANALYZER_NUMBER_OBJECT_CONVERSION = YES_AGGRESSIVE;
				CLANG_CXX_LANGUAGE_STANDARD = "gnu++14";
				CLANG_CXX_LIBRARY = "libc++";
				CLANG_ENABLE_MODULES = YES;
				CLANG_ENABLE_OBJC_ARC = YES;
				CLANG_ENABLE_OBJC_WEAK = YES;
				CLANG_WARN_BLOCK_CAPTURE_AUTORELEASING = YES;
				CLANG_WARN_BOOL_CONVERSION = YES;
				CLANG_WARN_COMMA = YES;
				CLANG_WARN_CONSTANT_CONVERSION = YES;
				CLANG_WARN_DEPRECATED_OBJC_IMPLEMENTATIONS = YES;
				CLANG_WARN_DIRECT_OBJC_ISA_USAGE = YES_ERROR;
				CLANG_WARN_DOCUMENTATION_COMMENTS = YES;
				CLANG_WARN_EMPTY_BODY = YES;
				CLANG_WARN_ENUM_CONVERSION = YES;
				CLANG_WARN_INFINITE_RECURSION = YES;
				CLANG_WARN_INT_CONVERSION = YES;
				CLANG_WARN_NON_LITERAL_NULL_CONVERSION = YES;
				CLANG_WARN_OBJC_IMPLICIT_RETAIN_SELF = YES;
				CLANG_WARN_OBJC_LITERAL_CONVERSION = YES;
				CLANG_WARN_OBJC_ROOT_CLASS = YES_ERROR;
				CLANG_WARN_RANGE_LOOP_ANALYSIS = YES;
				CLANG_WARN_STRICT_PROTOTYPES = YES;
				CLANG_WARN_SUSPICIOUS_MOVE = YES;
				CLANG_WARN_UNGUARDED_AVAILABILITY = YES_AGGRESSIVE;
				CLANG_WARN_UNREACHABLE_CODE = YES;
				CLANG_WARN__DUPLICATE_METHOD_MATCH = YES;
				COPY_PHASE_STRIP = NO;
				DEBUG_INFORMATION_FORMAT = "dwarf-with-dsym";
				ENABLE_NS_ASSERTIONS = NO;
				ENABLE_STRICT_OBJC_MSGSEND = YES;
				GCC_C_LANGUAGE_STANDARD = gnu11;
				GCC_NO_COMMON_BLOCKS = YES;
				GCC_WARN_64_TO_32_BIT_CONVERSION = YES;
				GCC_WARN_ABOUT_RETURN_TYPE = YES_ERROR;
				GCC_WARN_UNDECLARED_SELECTOR = YES;
				GCC_WARN_UNINITIALIZED_AUTOS = YES_AGGRESSIVE;
				GCC_WARN_UNUSED_FUNCTION = YES;
				GCC_WARN_UNUSED_VARIABLE = YES;
				IPHONEOS_DEPLOYMENT_TARGET = 13.1;
				MTL_ENABLE_DEBUG_INFO = NO;
				MTL_FAST_MATH = YES;
				SDKROOT = iphoneos;
				SWIFT_COMPILATION_MODE = wholemodule;
				SWIFT_OPTIMIZATION_LEVEL = "-O";
				VALIDATE_PRODUCT = YES;
			};
			name = Release;
		};
		3BC38F0523CCD6FD00595981 /* Debug */ = {
			isa = XCBuildConfiguration;
			buildSettings = {
				ASSETCATALOG_COMPILER_APPICON_NAME = AppIcon;
				CODE_SIGN_STYLE = Automatic;
				DEVELOPMENT_ASSET_PATHS = "\"Final_GoogleProject/Preview Content\"";
				ENABLE_PREVIEWS = YES;
				INFOPLIST_FILE = Final_GoogleProject/Info.plist;
				LD_RUNPATH_SEARCH_PATHS = (
					"$(inherited)",
					"@executable_path/Frameworks",
				);
				PRODUCT_BUNDLE_IDENTIFIER = "-11.Final-GoogleProject";
				PRODUCT_NAME = "$(TARGET_NAME)";
				SWIFT_VERSION = 5.0;
				TARGETED_DEVICE_FAMILY = "1,2";
			};
			name = Debug;
		};
		3BC38F0623CCD6FD00595981 /* Release */ = {
			isa = XCBuildConfiguration;
			buildSettings = {
				ASSETCATALOG_COMPILER_APPICON_NAME = AppIcon;
				CODE_SIGN_STYLE = Automatic;
				DEVELOPMENT_ASSET_PATHS = "\"Final_GoogleProject/Preview Content\"";
				ENABLE_PREVIEWS = YES;
				INFOPLIST_FILE = Final_GoogleProject/Info.plist;
				LD_RUNPATH_SEARCH_PATHS = (
					"$(inherited)",
					"@executable_path/Frameworks",
				);
				PRODUCT_BUNDLE_IDENTIFIER = "-11.Final-GoogleProject";
				PRODUCT_NAME = "$(TARGET_NAME)";
				SWIFT_VERSION = 5.0;
				TARGETED_DEVICE_FAMILY = "1,2";
			};
			name = Release;
		};
/* End XCBuildConfiguration section */

/* Begin XCConfigurationList section */
		3BC38EEB23CCD6FB00595981 /* Build configuration list for PBXProject "Final_GoogleProject" */ = {
			isa = XCConfigurationList;
			buildConfigurations = (
				3BC38F0223CCD6FD00595981 /* Debug */,
				3BC38F0323CCD6FD00595981 /* Release */,
			);
			defaultConfigurationIsVisible = 0;
			defaultConfigurationName = Release;
		};
		3BC38F0423CCD6FD00595981 /* Build configuration list for PBXNativeTarget "Final_GoogleProject" */ = {
			isa = XCConfigurationList;
			buildConfigurations = (
				3BC38F0523CCD6FD00595981 /* Debug */,
				3BC38F0623CCD6FD00595981 /* Release */,
			);
			defaultConfigurationIsVisible = 0;
			defaultConfigurationName = Release;
		};
/* End XCConfigurationList section */
	};
	rootObject = 3BC38EE823CCD6FB00595981 /* Project object */;
}
